
Microsoft Visual Studio Solution File, Format Version 12.00
# Visual Studio Version 17
VisualStudioVersion = 17.5.33530.505
MinimumVisualStudioVersion = 10.0.40219.1
Project("{FAE04EC0-301F-11D3-BF4B-00C04F79EFBC}") = "MIlitaryOfficeAshSka", "MIlitaryOfficeAshSka\MIlitaryOfficeAshSka.csproj", "{0664B35F-94E0-4C7D-B860-8CF5393DB14B}"
EndProject
Global
	GlobalSection(SolutionConfigurationPlatforms) = preSolution
		Debug|Any CPU = Debug|Any CPU
		Release|Any CPU = Release|Any CPU
	EndGlobalSection
	GlobalSection(ProjectConfigurationPlatforms) = postSolution
		{0664B35F-94E0-4C7D-B860-8CF5393DB14B}.Debug|Any CPU.ActiveCfg = Debug|Any CPU
		{0664B35F-94E0-4C7D-B860-8CF5393DB14B}.Debug|Any CPU.Build.0 = Debug|Any CPU
		{0664B35F-94E0-4C7D-B860-8CF5393DB14B}.Release|Any CPU.ActiveCfg = Release|Any CPU
		{0664B35F-94E0-4C7D-B860-8CF5393DB14B}.Release|Any CPU.Build.0 = Release|Any CPU
	EndGlobalSection
	GlobalSection(SolutionProperties) = preSolution
		HideSolutionNode = FALSE
	EndGlobalSection
	GlobalSection(ExtensibilityGlobals) = postSolution
		SolutionGuid = {B37C6024-1CAE-4718-929B-175E3B7E3E16}
	EndGlobalSection
EndGlobal
